# THIS IS AN AUTOGENERATED FILE. DO NOT EDIT THIS FILE DIRECTLY.
# yarn lockfile v1


"@aws-abaschen/cdk-typescript@file:..":
  version "0.0.2"
  resolved "file:.."
  dependencies:
    aws-cdk-lib "^2.93.0"
    constructs "^10.2.70"
    esbuild "^0.17.12"
    source-map-support "^0.5.21"

"@aws-cdk/asset-awscli-v1@^2.2.200":
  version "2.2.200"
  resolved "https://registry.npmjs.org/@aws-cdk/asset-awscli-v1/-/asset-awscli-v1-2.2.200.tgz"
  integrity sha512-Kf5J8DfJK4wZFWT2Myca0lhwke7LwHcHBo+4TvWOGJrFVVKVuuiLCkzPPRBQQVDj0Vtn2NBokZAz8pfMpAqAKg==

"@aws-cdk/asset-kubectl-v20@^2.1.2":
  version "2.1.2"
  resolved "https://registry.npmjs.org/@aws-cdk/asset-kubectl-v20/-/asset-kubectl-v20-2.1.2.tgz"
  integrity sha512-3M2tELJOxQv0apCIiuKQ4pAbncz9GuLwnKFqxifWfe77wuMxyTRPmxssYHs42ePqzap1LT6GDcPygGs+hHstLg==

"@aws-cdk/asset-node-proxy-agent-v6@^2.0.1":
  version "2.0.1"
  resolved "https://registry.npmjs.org/@aws-cdk/asset-node-proxy-agent-v6/-/asset-node-proxy-agent-v6-2.0.1.tgz"
  integrity sha512-DDt4SLdLOwWCjGtltH4VCST7hpOI5DzieuhGZsBpZ+AgJdSI2GCjklCXm0GCTwJG/SolkL5dtQXyUKgg9luBDg==

"@aws-lambda-powertools/commons@^1.12.1":
  version "1.12.1"
  resolved "https://registry.npmjs.org/@aws-lambda-powertools/commons/-/commons-1.12.1.tgz"
  integrity sha512-VChNfDUxxcB5KTfQPkJgxYihEZkrmeOzU9/A9FRBc+3v33EEM59T2pIgBkFy0VoINvGi3MoBEln/wyu2jV0ivA==

"@aws-lambda-powertools/logger@^1.12.1":
  version "1.12.1"
  resolved "https://registry.npmjs.org/@aws-lambda-powertools/logger/-/logger-1.12.1.tgz"
  integrity sha512-QMBkd6/rN2MniiNcWeCigT4AKqH+NG1X6xN8S+YLszd4qJvXvRqx2EBO01WVrtyctOE8IpLqxicevmw1cJqDIA==
  dependencies:
    "@aws-lambda-powertools/commons" "^1.12.1"
    lodash.merge "^4.6.2"

"@aws-lambda-powertools/metrics@^1.12.1":
  version "1.12.1"
  resolved "https://registry.npmjs.org/@aws-lambda-powertools/metrics/-/metrics-1.12.1.tgz"
  integrity sha512-tdwZBrpm7ouzWe1fWP8dzzuyGI7S1j3kAyXGvIOTQMbQEhN/kkSLohZJyfbpnTT10jLv3ozkgff6ZnWw6mX7fA==
  dependencies:
    "@aws-lambda-powertools/commons" "^1.12.1"

"@aws-lambda-powertools/tracer@^1.12.1":
  version "1.12.1"
  resolved "https://registry.npmjs.org/@aws-lambda-powertools/tracer/-/tracer-1.12.1.tgz"
  integrity sha512-ehaa9JzAfNvoHTbqv/bbu+cJD9RZXPEh22g47vMyQ2qg5e3Xe8wyzecFU35rHLlys9CV3SGLuazlyaTc5K3zmA==
  dependencies:
    "@aws-lambda-powertools/commons" "^1.12.1"
    aws-xray-sdk-core "^3.4.1"

"@aws-sdk/service-error-classification@^3.4.1":
  version "3.374.0"
  resolved "https://registry.npmjs.org/@aws-sdk/service-error-classification/-/service-error-classification-3.374.0.tgz"
  integrity sha512-7vFs0+zrP7Ni/t/e5kU/qZyLi7kRR375QWwvoR2ie3lD7cPAa+84IZqzKfcAkL2305Byb4RQrhogrsUh7ts9TA==
  dependencies:
    "@smithy/service-error-classification" "^1.0.2"

"@aws-sdk/types@^3.4.1":
  version "3.398.0"
  resolved "https://registry.npmjs.org/@aws-sdk/types/-/types-3.398.0.tgz"
  integrity sha512-r44fkS+vsEgKCuEuTV+TIk0t0m5ZlXHNjSDYEUvzLStbbfUFiNus/YG4UCa0wOk9R7VuQI67badsvvPeVPCGDQ==
  dependencies:
    "@smithy/types" "^2.2.2"
    tslib "^2.5.0"

"@balena/dockerignore@^1.0.2":
  version "1.0.2"
  resolved "https://registry.npmjs.org/@balena/dockerignore/-/dockerignore-1.0.2.tgz"
  integrity sha512-wMue2Sy4GAVTk6Ic4tJVcnfdau+gx2EnG7S+uAEe+TWJFqE4YoWN4/H8MSLj4eYJKxGg26lZwboEniNiNwZQ6Q==

"@smithy/service-error-classification@^1.0.2":
  version "1.1.0"
  resolved "https://registry.npmjs.org/@smithy/service-error-classification/-/service-error-classification-1.1.0.tgz"
  integrity sha512-OCTEeJ1igatd5kFrS2VDlYbainNNpf7Lj1siFOxnRWqYOP9oNvC5HOJBd3t+Z8MbrmehBtuDJ2QqeBsfeiNkww==

"@smithy/types@^2.2.2":
  version "2.2.2"
  resolved "https://registry.npmjs.org/@smithy/types/-/types-2.2.2.tgz"
  integrity sha512-4PS0y1VxDnELGHGgBWlDksB2LJK8TG8lcvlWxIsgR+8vROI7Ms8h1P4FQUx+ftAX2QZv5g1CJCdhdRmQKyonyw==
  dependencies:
    tslib "^2.5.0"

"@types/cls-hooked@^4.3.3":
  version "4.3.5"
  resolved "https://registry.npmjs.org/@types/cls-hooked/-/cls-hooked-4.3.5.tgz"
  integrity sha512-YSLCW5yUYOUoEN4PlH2CQ8ZKYJD7KEstTNS/9h/pTkAoOTRDWWYV9guBdVQUlxWtafaNo4O9kmbg+GDAGnkp1A==
  dependencies:
    "@types/node" "*"

"@types/node@*":
  version "20.5.7"
  resolved "https://registry.npmjs.org/@types/node/-/node-20.5.7.tgz"
  integrity sha512-dP7f3LdZIysZnmvP3ANJYTSwg+wLLl8p7RqniVlV7j+oXSXAbt9h0WIBFmJy5inWZoX9wZN6eXx+YXd9Rh3RBA==

ajv@^8.0.1:
  version "8.12.0"
  resolved "https://registry.npmjs.org/ajv/-/ajv-8.12.0.tgz"
  integrity sha512-sRu1kpcO9yLtYxBKvqfTeh9KzZEwO3STyX1HT+4CaDzC6HpTGYhIhPIzj9XuKU7KYDwnaeh5hcOwjy1QuJzBPA==
  dependencies:
    fast-deep-equal "^3.1.1"
    json-schema-traverse "^1.0.0"
    require-from-string "^2.0.2"
    uri-js "^4.2.2"

ansi-regex@^5.0.1:
  version "5.0.1"
  resolved "https://registry.npmjs.org/ansi-regex/-/ansi-regex-5.0.1.tgz"
  integrity sha512-quJQXlTSUGL2LH9SUXo8VwsY4soanhgo6LNSm84E1LBcE8s3O0wpdiRzyR9z/ZZJMlMWv37qOOb9pdJlMUEKFQ==

ansi-styles@^4.0.0:
  version "4.3.0"
  resolved "https://registry.npmjs.org/ansi-styles/-/ansi-styles-4.3.0.tgz"
  integrity sha512-zbB9rCJAT1rbjiVDb2hqKFHNYLxgtk8NURxZ3IZwD3F6NtxbXZQCnnSi1Lkx+IDohdPlFp222wVALIheZJQSEg==
  dependencies:
    color-convert "^2.0.1"

astral-regex@^2.0.0:
  version "2.0.0"
  resolved "https://registry.npmjs.org/astral-regex/-/astral-regex-2.0.0.tgz"
  integrity sha512-Z7tMw1ytTXt5jqMcOP+OQteU1VuNK9Y02uuJtKQ1Sv69jXQKKg5cibLwGJow8yzZP+eAc18EmLGPal0bp36rvQ==

async-hook-jl@^1.7.6:
  version "1.7.6"
  resolved "https://registry.npmjs.org/async-hook-jl/-/async-hook-jl-1.7.6.tgz"
  integrity sha512-gFaHkFfSxTjvoxDMYqDuGHlcRyUuamF8s+ZTtJdDzqjws4mCt7v0vuV79/E2Wr2/riMQgtG4/yUtXWs1gZ7JMg==
  dependencies:
    stack-chain "^1.3.7"

atomic-batcher@^1.0.2:
  version "1.0.2"
  resolved "https://registry.npmjs.org/atomic-batcher/-/atomic-batcher-1.0.2.tgz"
  integrity sha512-EFGCRj4kLX1dHv1cDzTk+xbjBFj1GnJDpui52YmEcxxHHEWjYyT6l51U7n6WQ28osZH4S9gSybxe56Vm7vB61Q==

aws-cdk-lib@^2.93.0:
  version "2.93.0"
  resolved "https://registry.npmjs.org/aws-cdk-lib/-/aws-cdk-lib-2.93.0.tgz"
  integrity sha512-kKbcKkts272Ju5xjGKI3pXTOpiJxW4OQbDF8Vmw/NIkkuJLo8GlRCFfeOfoN/hilvlYQgENA67GCgSWccbvu7w==
  dependencies:
    "@aws-cdk/asset-awscli-v1" "^2.2.200"
    "@aws-cdk/asset-kubectl-v20" "^2.1.2"
    "@aws-cdk/asset-node-proxy-agent-v6" "^2.0.1"
    "@balena/dockerignore" "^1.0.2"
    case "1.6.3"
    fs-extra "^11.1.1"
    ignore "^5.2.4"
    jsonschema "^1.4.1"
    minimatch "^3.1.2"
    punycode "^2.3.0"
    semver "^7.5.4"
    table "^6.8.1"
    yaml "1.10.2"

aws-xray-sdk-core@^3.4.1:
  version "3.5.1"
  resolved "https://registry.npmjs.org/aws-xray-sdk-core/-/aws-xray-sdk-core-3.5.1.tgz"
  integrity sha512-Q3S+K/UkDw/M9NnRZbyXNXsjB3amsv+6XhPdomtfzAdyNkf6q+GOQVuWpaLGHunBz91VzpGBzP9Qg0/elm6Cwg==
  dependencies:
    "@aws-sdk/service-error-classification" "^3.4.1"
    "@aws-sdk/types" "^3.4.1"
    "@types/cls-hooked" "^4.3.3"
    atomic-batcher "^1.0.2"
    cls-hooked "^4.2.2"
    semver "^7.5.3"

aws-xray-sdk-core@^3.5.1:
  version "3.5.1"
  resolved "https://registry.npmjs.org/aws-xray-sdk-core/-/aws-xray-sdk-core-3.5.1.tgz"
  integrity sha512-Q3S+K/UkDw/M9NnRZbyXNXsjB3amsv+6XhPdomtfzAdyNkf6q+GOQVuWpaLGHunBz91VzpGBzP9Qg0/elm6Cwg==
  dependencies:
    "@aws-sdk/service-error-classification" "^3.4.1"
    "@aws-sdk/types" "^3.4.1"
    "@types/cls-hooked" "^4.3.3"
    atomic-batcher "^1.0.2"
    cls-hooked "^4.2.2"
    semver "^7.5.3"

balanced-match@^1.0.0:
  version "1.0.2"
  resolved "https://registry.npmjs.org/balanced-match/-/balanced-match-1.0.2.tgz"
  integrity sha512-3oSeUO0TMV67hN1AmbXsK4yaqU7tjiHlbxRDZOpH0KW9+CeX4bRAaX0Anxt0tx2MrpRpWwQaPwIlISEJhYU5Pw==

brace-expansion@^1.1.7:
  version "1.1.11"
  resolved "https://registry.npmjs.org/brace-expansion/-/brace-expansion-1.1.11.tgz"
  integrity sha512-iCuPHDFgrHX7H2vEI/5xpz07zSHB00TpugqhmYtVmMO6518mCuRMoOYFldEBl0g187ufozdaHgWKcYFb61qGiA==
  dependencies:
    balanced-match "^1.0.0"
    concat-map "0.0.1"

case@1.6.3:
  version "1.6.3"
  resolved "https://registry.npmjs.org/case/-/case-1.6.3.tgz"
  integrity sha512-mzDSXIPaFwVDvZAHqZ9VlbyF4yyXRuX6IvB06WvPYkqJVO24kX1PPhv9bfpKNFZyxYFmmgo03HUiD8iklmJYRQ==

cls-hooked@^4.2.2:
  version "4.2.2"
  resolved "https://registry.npmjs.org/cls-hooked/-/cls-hooked-4.2.2.tgz"
  integrity sha512-J4Xj5f5wq/4jAvcdgoGsL3G103BtWpZrMo8NEinRltN+xpTZdI+M38pyQqhuFU/P792xkMFvnKSf+Lm81U1bxw==
  dependencies:
    async-hook-jl "^1.7.6"
    emitter-listener "^1.0.1"
    semver "^5.4.1"

color-convert@^2.0.1:
  version "2.0.1"
  resolved "https://registry.npmjs.org/color-convert/-/color-convert-2.0.1.tgz"
  integrity sha512-RRECPsj7iu/xb5oKYcsFHSppFNnsj/52OVTRKb4zP5onXwVF3zVmmToNcOfGC+CRDpfK/U584fMg38ZHCaElKQ==
  dependencies:
    color-name "~1.1.4"

color-name@~1.1.4:
  version "1.1.4"
  resolved "https://registry.npmjs.org/color-name/-/color-name-1.1.4.tgz"
  integrity sha512-dOy+3AuW3a2wNbZHIuMZpTcgjGuLU/uBL/ubcZF9OXbDo8ff4O8yVp5Bf0efS8uEoYo5q4Fx7dY9OgQGXgAsQA==

concat-map@0.0.1:
  version "0.0.1"
  resolved "https://registry.npmjs.org/concat-map/-/concat-map-0.0.1.tgz"
  integrity sha512-/Srv4dswyQNBfohGpz9o6Yb3Gz3SrUDqBH5rTuhGR7ahtlbYKnVxw2bCFMRljaA7EXHaXZ8wsHdodFvbkhKmqg==

constructs@^10.0.0:
  version "10.2.70"
  resolved "https://registry.npmjs.org/constructs/-/constructs-10.2.70.tgz"
  integrity sha512-z6zr1E8K/9tzJbCQzY0UGX0/oVKPFKu9C/mzEnghCG6TAJINnvlq0CMKm63XqqeMleadZYm5T3sZGJKcxJS/Pg==

discord-api-types@^0.37.41:
  version "0.37.56"
  resolved "https://registry.npmjs.org/discord-api-types/-/discord-api-types-0.37.56.tgz"
  integrity sha512-Ih3wj0ZTaQxaJRqUEXHMIXfXB86bwMGC0wc2nNsyCJqeo3lC4qnxXtFIsC+IGI46+dSIinuayCAZ6sLEEM02Bw==

dotenv@^16.3.1:
  version "16.3.1"
  resolved "https://registry.npmjs.org/dotenv/-/dotenv-16.3.1.tgz"
  integrity sha512-IPzF4w4/Rd94bA9imS68tZBaYyBWSCE47V1RGuMrB94iyTOIEwRmVL2x/4An+6mETpLrKJ5hQkB8W4kFAadeIQ==

emitter-listener@^1.0.1:
  version "1.1.2"
  resolved "https://registry.npmjs.org/emitter-listener/-/emitter-listener-1.1.2.tgz"
  integrity sha512-Bt1sBAGFHY9DKY+4/2cV6izcKJUf5T7/gkdmkxzX/qv9CcGH8xSwVRW5mtX03SWJtRTWSOpzCuWN9rBFYZepZQ==
  dependencies:
    shimmer "^1.2.0"

emoji-regex@^8.0.0:
  version "8.0.0"
  resolved "https://registry.npmjs.org/emoji-regex/-/emoji-regex-8.0.0.tgz"
  integrity sha512-MSjYzcWNOA0ewAHpz0MxpYFvwg6yjy1NG3xteoqz644VCo/RPgnr1/GGt+ic3iJTzQ8Eu3TdM14SawnVUmGE6A==

fast-deep-equal@^3.1.1:
  version "3.1.3"
  resolved "https://registry.npmjs.org/fast-deep-equal/-/fast-deep-equal-3.1.3.tgz"
  integrity sha512-f3qQ9oQy9j2AhBe/H9VC91wLmKBCCU/gDOnKNAYG5hswO7BLKj09Hc5HYNz9cGI++xlpDCIgDaitVs03ATR84Q==

fs-extra@^11.1.1:
  version "11.1.1"
  resolved "https://registry.npmjs.org/fs-extra/-/fs-extra-11.1.1.tgz"
  integrity sha512-MGIE4HOvQCeUCzmlHs0vXpih4ysz4wg9qiSAu6cd42lVwPbTM1TjV7RusoyQqMmk/95gdQZX72u+YW+c3eEpFQ==
  dependencies:
    graceful-fs "^4.2.0"
    jsonfile "^6.0.1"
    universalify "^2.0.0"

graceful-fs@^4.1.6, graceful-fs@^4.2.0:
  version "4.2.11"
  resolved "https://registry.npmjs.org/graceful-fs/-/graceful-fs-4.2.11.tgz"
  integrity sha512-RbJ5/jmFcNNCcDV5o9eTnBLJ/HszWV0P73bc+Ff4nS/rJj+YaS6IGyiOL0VoBYX+l1Wrl3k63h/KrH+nhJ0XvQ==

ignore@^5.2.4:
  version "5.2.4"
  resolved "https://registry.npmjs.org/ignore/-/ignore-5.2.4.tgz"
  integrity sha512-MAb38BcSbH0eHNBxn7ql2NH/kX33OkB3lZ1BNdh7ENeRChHTYsTvWrMubiIAMNS2llXEEgZ1MUOBtXChP3kaFQ==

is-fullwidth-code-point@^3.0.0:
  version "3.0.0"
  resolved "https://registry.npmjs.org/is-fullwidth-code-point/-/is-fullwidth-code-point-3.0.0.tgz"
  integrity sha512-zymm5+u+sCsSWyD9qNaejV3DFvhCKclKdizYaJUuHA83RLjb7nSuGnddCHGv0hk+KY7BMAlsWeK4Ueg6EV6XQg==

json-schema-traverse@^1.0.0:
  version "1.0.0"
  resolved "https://registry.npmjs.org/json-schema-traverse/-/json-schema-traverse-1.0.0.tgz"
  integrity sha512-NM8/P9n3XjXhIZn1lLhkFaACTOURQXjWhV4BA/RnOv8xvgqtqpAX9IO4mRQxSx1Rlo4tqzeqb0sOlruaOy3dug==

jsonfile@^6.0.1:
  version "6.1.0"
  resolved "https://registry.npmjs.org/jsonfile/-/jsonfile-6.1.0.tgz"
  integrity sha512-5dgndWOriYSm5cnYaJNhalLNDKOqFwyDB/rr1E9ZsGciGvKPs8R2xYGCacuf3z6K1YKDz182fd+fY3cn3pMqXQ==
  dependencies:
    universalify "^2.0.0"
  optionalDependencies:
    graceful-fs "^4.1.6"

jsonschema@^1.4.1:
  version "1.4.1"
  resolved "https://registry.npmjs.org/jsonschema/-/jsonschema-1.4.1.tgz"
  integrity sha512-S6cATIPVv1z0IlxdN+zUk5EPjkGCdnhN4wVSBlvoUO1tOLJootbo9CquNJmbIh4yikWHiUedhRYrNPn1arpEmQ==

lodash.merge@^4.6.2:
  version "4.6.2"
  resolved "https://registry.npmjs.org/lodash.merge/-/lodash.merge-4.6.2.tgz"
  integrity sha512-0KpjqXRVvrYyCsX1swR/XTK0va6VQkQM6MNo7PqW77ByjAhoARA8EfrP1N4+KlKj8YS0ZUCtRT/YUuhyYDujIQ==

lodash.truncate@^4.4.2:
  version "4.4.2"
  resolved "https://registry.npmjs.org/lodash.truncate/-/lodash.truncate-4.4.2.tgz"
  integrity sha512-jttmRe7bRse52OsWIMDLaXxWqRAmtIUccAQ3garviCqJjafXOfNMO0yMfNpdD6zbGaTU0P5Nz7e7gAT6cKmJRw==

lru-cache@^6.0.0:
  version "6.0.0"
  resolved "https://registry.npmjs.org/lru-cache/-/lru-cache-6.0.0.tgz"
  integrity sha512-Jo6dJ04CmSjuznwJSS3pUeWmd/H0ffTlkXXgwZi+eq1UCmqQwCh+eLsYOYCwY991i2Fah4h1BEMCx4qThGbsiA==
  dependencies:
    yallist "^4.0.0"

minimatch@^3.1.2:
  version "3.1.2"
  resolved "https://registry.npmjs.org/minimatch/-/minimatch-3.1.2.tgz"
  integrity sha512-J7p63hRiAjw1NDEww1W7i37+ByIrOWO5XQQAzZ3VOcL0PNybwpfmV/N05zFAzwQ9USyEcX6t3UO+K5aqBQOIHw==
  dependencies:
    brace-expansion "^1.1.7"

punycode@^2.1.0, punycode@^2.3.0:
  version "2.3.0"
  resolved "https://registry.npmjs.org/punycode/-/punycode-2.3.0.tgz"
  integrity sha512-rRV+zQD8tVFys26lAGR9WUuS4iUAngJScM+ZRSKtvl5tKeZ2t5bvdNFdNHBW9FWR4guGHlgmsZ1G7BSm2wTbuA==

require-from-string@^2.0.2:
  version "2.0.2"
  resolved "https://registry.npmjs.org/require-from-string/-/require-from-string-2.0.2.tgz"
  integrity sha512-Xf0nWe6RseziFMu+Ap9biiUbmplq6S9/p+7w7YXP/JBHhrUDDUhwa+vANyubuqfZWTveU//DYVGsDG7RKL/vEw==

semver@^5.4.1:
  version "5.7.2"
  resolved "https://registry.npmjs.org/semver/-/semver-5.7.2.tgz"
  integrity sha512-cBznnQ9KjJqU67B52RMC65CMarK2600WFnbkcaiwWq3xy/5haFJlshgnpjovMVJ+Hff49d8GEn0b87C5pDQ10g==

semver@^7.5.3:
  version "7.5.4"
  resolved "https://registry.npmjs.org/semver/-/semver-7.5.4.tgz"
  integrity sha512-1bCSESV6Pv+i21Hvpxp3Dx+pSD8lIPt8uVjRrxAUt/nbswYc+tK6Y2btiULjd4+fnq15PX+nqQDC7Oft7WkwcA==
  dependencies:
    lru-cache "^6.0.0"

semver@^7.5.4:
  version "7.5.4"
  resolved "https://registry.npmjs.org/semver/-/semver-7.5.4.tgz"
  integrity sha512-1bCSESV6Pv+i21Hvpxp3Dx+pSD8lIPt8uVjRrxAUt/nbswYc+tK6Y2btiULjd4+fnq15PX+nqQDC7Oft7WkwcA==
  dependencies:
    lru-cache "^6.0.0"

shimmer@^1.2.0:
  version "1.2.1"
  resolved "https://registry.npmjs.org/shimmer/-/shimmer-1.2.1.tgz"
  integrity sha512-sQTKC1Re/rM6XyFM6fIAGHRPVGvyXfgzIDvzoq608vM+jeyVD0Tu1E6Np0Kc2zAIFWIj963V2800iF/9LPieQw==

slice-ansi@^4.0.0:
  version "4.0.0"
  resolved "https://registry.npmjs.org/slice-ansi/-/slice-ansi-4.0.0.tgz"
  integrity sha512-qMCMfhY040cVHT43K9BFygqYbUPFZKHOg7K73mtTWJRb8pyP3fzf4Ixd5SzdEJQ6MRUg/WBnOLxghZtKKurENQ==
  dependencies:
    ansi-styles "^4.0.0"
    astral-regex "^2.0.0"
    is-fullwidth-code-point "^3.0.0"

stack-chain@^1.3.7:
  version "1.3.7"
  resolved "https://registry.npmjs.org/stack-chain/-/stack-chain-1.3.7.tgz"
  integrity sha512-D8cWtWVdIe/jBA7v5p5Hwl5yOSOrmZPWDPe2KxQ5UAGD+nxbxU0lKXA4h85Ta6+qgdKVL3vUxsbIZjc1kBG7ug==

string-width@^4.2.3:
  version "4.2.3"
  resolved "https://registry.npmjs.org/string-width/-/string-width-4.2.3.tgz"
  integrity sha512-wKyQRQpjJ0sIp62ErSZdGsjMJWsap5oRNihHhu6G7JVO/9jIB6UyevL+tXuOqrng8j/cxKTWyWUwvSTriiZz/g==
  dependencies:
    emoji-regex "^8.0.0"
    is-fullwidth-code-point "^3.0.0"
    strip-ansi "^6.0.1"

strip-ansi@^6.0.1:
  version "6.0.1"
  resolved "https://registry.npmjs.org/strip-ansi/-/strip-ansi-6.0.1.tgz"
  integrity sha512-Y38VPSHcqkFrCpFnQ9vuSXmquuv5oXOKpGeT6aGrr3o3Gc9AlVa6JBfUSOCnbxGGZF+/0ooI7KrPuUSztUdU5A==
  dependencies:
    ansi-regex "^5.0.1"

table@^6.8.1:
  version "6.8.1"
  resolved "https://registry.npmjs.org/table/-/table-6.8.1.tgz"
  integrity sha512-Y4X9zqrCftUhMeH2EptSSERdVKt/nEdijTOacGD/97EKjhQ/Qs8RTlEGABSJNNN8lac9kheH+af7yAkEWlgneA==
  dependencies:
    ajv "^8.0.1"
    lodash.truncate "^4.4.2"
    slice-ansi "^4.0.0"
    string-width "^4.2.3"
    strip-ansi "^6.0.1"

tslib@^2.5.0:
  version "2.6.2"
  resolved "https://registry.npmjs.org/tslib/-/tslib-2.6.2.tgz"
  integrity sha512-AEYxH93jGFPn/a2iVAwW87VuUIkR1FVUKB77NwMF7nBTDkDrrT/Hpt/IrCJ0QXhW27jTBDcf5ZY7w6RiqTMw2Q==

tweetnacl@^1.0.3:
  version "1.0.3"
  resolved "https://registry.npmjs.org/tweetnacl/-/tweetnacl-1.0.3.tgz"
  integrity sha512-6rt+RN7aOi1nGMyC4Xa5DdYiukl2UWCbcJft7YhxReBGQD7OAM8Pbxw6YMo4r2diNEA8FEmu32YOn9rhaiE5yw==

universalify@^2.0.0:
  version "2.0.0"
  resolved "https://registry.npmjs.org/universalify/-/universalify-2.0.0.tgz"
  integrity sha512-hAZsKq7Yy11Zu1DE0OzWjw7nnLZmJZYTDZZyEFHZdUhV8FkH5MCfoU1XMaxXovpyW5nq5scPqq0ZDP9Zyl04oQ==

uri-js@^4.2.2:
  version "4.4.1"
  resolved "https://registry.npmjs.org/uri-js/-/uri-js-4.4.1.tgz"
  integrity sha512-7rKUyy33Q1yc98pQ1DAmLtwX109F7TIfWlW1Ydo8Wl1ii1SeHieeh0HHfPeL2fMXK6z0s8ecKs9frCuLJvndBg==
  dependencies:
    punycode "^2.1.0"

yallist@^4.0.0:
  version "4.0.0"
  resolved "https://registry.npmjs.org/yallist/-/yallist-4.0.0.tgz"
  integrity sha512-3wdGidZyq5PB084XLES5TpOSRA3wjXAlIWMhum2kRcv/41Sn2emQ0dycQW4uZXLejwKvg6EsvbdlVL+FYEct7A==

yaml@1.10.2:
  version "1.10.2"
  resolved "https://registry.npmjs.org/yaml/-/yaml-1.10.2.tgz"
  integrity sha512-r3vXyErRCYJ7wg28yvBY5VSoAF8ZvlcW9/BwUzEtUsjvX/DKs24dIkuwjtuprwJJHsbyUbLApepYTR1BN4uHrg==
